
Microsoft Visual Studio Solution File, Format Version 12.00
# Visual Studio Version 17
VisualStudioVersion = 17.0.31903.59
MinimumVisualStudioVersion = 10.0.40219.1
Project("{2150E333-8FDC-42A3-9474-1A3956D46DE8}") = "src", "src", "{5129D23E-70E2-4EAA-9662-6D58A70726B0}"
EndProject
Project("{FAE04EC0-301F-11D3-BF4B-00C04F79EFBC}") = "Glauber.NotificationSystem.Business", "src\Glauber.NotificationSystem.Business\Glauber.NotificationSystem.Business.csproj", "{0DC3A1CA-C915-437D-9033-B6C5493439DF}"
EndProject
Project("{FAE04EC0-301F-11D3-BF4B-00C04F79EFBC}") = "Glauber.NotificationSystem.Data", "src\Glauber.NotificationSystem.Data\Glauber.NotificationSystem.Data.csproj", "{224D8F99-62D0-4B35-9B45-DEAFDB3AE38F}"
EndProject
Project("{FAE04EC0-301F-11D3-BF4B-00C04F79EFBC}") = "Glauber.NotificationSystem.Api", "src\Glauber.NotificationSystem.Api\Glauber.NotificationSystem.Api.csproj", "{D652FB2D-126A-4EB1-89D1-BEE90DA54614}"
EndProject
Global
	GlobalSection(SolutionConfigurationPlatforms) = preSolution
		Debug|Any CPU = Debug|Any CPU
		Release|Any CPU = Release|Any CPU
	EndGlobalSection
	GlobalSection(ProjectConfigurationPlatforms) = postSolution
		{0DC3A1CA-C915-437D-9033-B6C5493439DF}.Debug|Any CPU.ActiveCfg = Debug|Any CPU
		{0DC3A1CA-C915-437D-9033-B6C5493439DF}.Debug|Any CPU.Build.0 = Debug|Any CPU
		{0DC3A1CA-C915-437D-9033-B6C5493439DF}.Release|Any CPU.ActiveCfg = Release|Any CPU
		{0DC3A1CA-C915-437D-9033-B6C5493439DF}.Release|Any CPU.Build.0 = Release|Any CPU
		{224D8F99-62D0-4B35-9B45-DEAFDB3AE38F}.Debug|Any CPU.ActiveCfg = Debug|Any CPU
		{224D8F99-62D0-4B35-9B45-DEAFDB3AE38F}.Debug|Any CPU.Build.0 = Debug|Any CPU
		{224D8F99-62D0-4B35-9B45-DEAFDB3AE38F}.Release|Any CPU.ActiveCfg = Release|Any CPU
		{224D8F99-62D0-4B35-9B45-DEAFDB3AE38F}.Release|Any CPU.Build.0 = Release|Any CPU
		{D652FB2D-126A-4EB1-89D1-BEE90DA54614}.Debug|Any CPU.ActiveCfg = Debug|Any CPU
		{D652FB2D-126A-4EB1-89D1-BEE90DA54614}.Debug|Any CPU.Build.0 = Debug|Any CPU
		{D652FB2D-126A-4EB1-89D1-BEE90DA54614}.Release|Any CPU.ActiveCfg = Release|Any CPU
		{D652FB2D-126A-4EB1-89D1-BEE90DA54614}.Release|Any CPU.Build.0 = Release|Any CPU
	EndGlobalSection
	GlobalSection(SolutionProperties) = preSolution
		HideSolutionNode = FALSE
	EndGlobalSection
	GlobalSection(NestedProjects) = preSolution
		{0DC3A1CA-C915-437D-9033-B6C5493439DF} = {5129D23E-70E2-4EAA-9662-6D58A70726B0}
		{224D8F99-62D0-4B35-9B45-DEAFDB3AE38F} = {5129D23E-70E2-4EAA-9662-6D58A70726B0}
		{D652FB2D-126A-4EB1-89D1-BEE90DA54614} = {5129D23E-70E2-4EAA-9662-6D58A70726B0}
	EndGlobalSection
EndGlobal
